
Microsoft Visual Studio Solution File, Format Version 12.00
# Visual Studio Version 16
VisualStudioVersion = 16.0.30621.155
MinimumVisualStudioVersion = 10.0.40219.1
Project("{FAE04EC0-301F-11D3-BF4B-00C04F79EFBC}") = "GitSampleWebApp", "GitSampleWebApp\GitSampleWebApp.csproj", "{8F997D0D-0C1E-4A1A-AF18-5845EF39A2FB}"
EndProject
Global
	GlobalSection(SolutionConfigurationPlatforms) = preSolution
		Debug|Any CPU = Debug|Any CPU
		Release|Any CPU = Release|Any CPU
	EndGlobalSection
	GlobalSection(ProjectConfigurationPlatforms) = postSolution
		{8F997D0D-0C1E-4A1A-AF18-5845EF39A2FB}.Debug|Any CPU.ActiveCfg = Debug|Any CPU
		{8F997D0D-0C1E-4A1A-AF18-5845EF39A2FB}.Debug|Any CPU.Build.0 = Debug|Any CPU
		{8F997D0D-0C1E-4A1A-AF18-5845EF39A2FB}.Release|Any CPU.ActiveCfg = Release|Any CPU
		{8F997D0D-0C1E-4A1A-AF18-5845EF39A2FB}.Release|Any CPU.Build.0 = Release|Any CPU
	EndGlobalSection
	GlobalSection(SolutionProperties) = preSolution
		HideSolutionNode = FALSE
	EndGlobalSection
	GlobalSection(ExtensibilityGlobals) = postSolution
		SolutionGuid = {EBDE5172-DC3F-4925-AA31-B74E4E54F31F}
	EndGlobalSection
EndGlobal
